# THIS IS AN AUTOGENERATED FILE. DO NOT EDIT THIS FILE DIRECTLY.
# yarn lockfile v1


"@babel/parser@^7.8.4":
  version "7.8.4"
  resolved "https://registry.yarnpkg.com/@babel/parser/-/parser-7.8.4.tgz#d1dbe64691d60358a974295fa53da074dd2ce8e8"
  integrity sha512-0fKu/QqildpXmPVaRBoXOlyBb3MC+J0A66x97qEfLOMkn3u6nfY5esWogQwi/K0BjASYy4DbnsEWnpNL6qT5Mw==
